
Microsoft Visual Studio Solution File, Format Version 12.00
# Visual Studio 15
VisualStudioVersion = 15.0.28307.329
MinimumVisualStudioVersion = 10.0.40219.1
Project("{FAE04EC0-301F-11D3-BF4B-00C04F79EFBC}") = "Hackerrank_30DaysOfCoding_Day7", "Hackerrank_30DaysOfCoding_Day7\Hackerrank_30DaysOfCoding_Day7.csproj", "{A87AFFE8-3DE4-4457-9E2E-719B490CB92E}"
EndProject
Global
	GlobalSection(SolutionConfigurationPlatforms) = preSolution
		Debug|Any CPU = Debug|Any CPU
		Release|Any CPU = Release|Any CPU
	EndGlobalSection
	GlobalSection(ProjectConfigurationPlatforms) = postSolution
		{A87AFFE8-3DE4-4457-9E2E-719B490CB92E}.Debug|Any CPU.ActiveCfg = Debug|Any CPU
		{A87AFFE8-3DE4-4457-9E2E-719B490CB92E}.Debug|Any CPU.Build.0 = Debug|Any CPU
		{A87AFFE8-3DE4-4457-9E2E-719B490CB92E}.Release|Any CPU.ActiveCfg = Release|Any CPU
		{A87AFFE8-3DE4-4457-9E2E-719B490CB92E}.Release|Any CPU.Build.0 = Release|Any CPU
	EndGlobalSection
	GlobalSection(SolutionProperties) = preSolution
		HideSolutionNode = FALSE
	EndGlobalSection
	GlobalSection(ExtensibilityGlobals) = postSolution
		SolutionGuid = {B4FC6EB7-CB4D-41FE-A663-915F651DB4BA}
	EndGlobalSection
EndGlobal
