
Microsoft Visual Studio Solution File, Format Version 12.00
# Visual Studio 15
VisualStudioVersion = 15.0.28307.329
MinimumVisualStudioVersion = 10.0.40219.1
Project("{FAE04EC0-301F-11D3-BF4B-00C04F79EFBC}") = "Hackerrank_30DaysOfCoding_Day14", "Hackerrank_30DaysOfCoding_Day14\Hackerrank_30DaysOfCoding_Day14.csproj", "{F9487A7A-8F34-4B71-9EB5-5085388E7E6E}"
EndProject
Global
	GlobalSection(SolutionConfigurationPlatforms) = preSolution
		Debug|Any CPU = Debug|Any CPU
		Release|Any CPU = Release|Any CPU
	EndGlobalSection
	GlobalSection(ProjectConfigurationPlatforms) = postSolution
		{F9487A7A-8F34-4B71-9EB5-5085388E7E6E}.Debug|Any CPU.ActiveCfg = Debug|Any CPU
		{F9487A7A-8F34-4B71-9EB5-5085388E7E6E}.Debug|Any CPU.Build.0 = Debug|Any CPU
		{F9487A7A-8F34-4B71-9EB5-5085388E7E6E}.Release|Any CPU.ActiveCfg = Release|Any CPU
		{F9487A7A-8F34-4B71-9EB5-5085388E7E6E}.Release|Any CPU.Build.0 = Release|Any CPU
	EndGlobalSection
	GlobalSection(SolutionProperties) = preSolution
		HideSolutionNode = FALSE
	EndGlobalSection
	GlobalSection(ExtensibilityGlobals) = postSolution
		SolutionGuid = {3E9CF7FC-E728-4DB5-830C-92E3EF7FCC8F}
	EndGlobalSection
EndGlobal
